
Microsoft Visual Studio Solution File, Format Version 12.00
# Visual Studio 15
VisualStudioVersion = 15.0.27703.2042
MinimumVisualStudioVersion = 10.0.40219.1
Project("{FAE04EC0-301F-11D3-BF4B-00C04F79EFBC}") = "ProductsApp", "ProductsApp\ProductsApp.csproj", "{03D4D6AF-5903-4923-B10E-54657D27975B}"
EndProject
Project("{FAE04EC0-301F-11D3-BF4B-00C04F79EFBC}") = "WebFromA", "WebFromA\WebFromA.csproj", "{07EBE833-49EB-4A61-AF84-BD3E2866D6D5}"
EndProject
Project("{9A19103F-16F7-4668-BE54-9A1E7A4F7556}") = "RazorPagesMovie", "RazorPagesMovie\RazorPagesMovie.csproj", "{15839BA3-2622-4951-9626-E30742179AD4}"
EndProject
Project("{FAE04EC0-301F-11D3-BF4B-00C04F79EFBC}") = "MvcMovie", "MvcMovie\MvcMovie.csproj", "{B9A02AA1-3093-442B-B3DB-673204224640}"
EndProject
Global
	GlobalSection(SolutionConfigurationPlatforms) = preSolution
		Debug|Any CPU = Debug|Any CPU
		Release|Any CPU = Release|Any CPU
	EndGlobalSection
	GlobalSection(ProjectConfigurationPlatforms) = postSolution
		{03D4D6AF-5903-4923-B10E-54657D27975B}.Debug|Any CPU.ActiveCfg = Debug|Any CPU
		{03D4D6AF-5903-4923-B10E-54657D27975B}.Debug|Any CPU.Build.0 = Debug|Any CPU
		{03D4D6AF-5903-4923-B10E-54657D27975B}.Release|Any CPU.ActiveCfg = Release|Any CPU
		{03D4D6AF-5903-4923-B10E-54657D27975B}.Release|Any CPU.Build.0 = Release|Any CPU
		{07EBE833-49EB-4A61-AF84-BD3E2866D6D5}.Debug|Any CPU.ActiveCfg = Debug|Any CPU
		{07EBE833-49EB-4A61-AF84-BD3E2866D6D5}.Debug|Any CPU.Build.0 = Debug|Any CPU
		{07EBE833-49EB-4A61-AF84-BD3E2866D6D5}.Release|Any CPU.ActiveCfg = Release|Any CPU
		{07EBE833-49EB-4A61-AF84-BD3E2866D6D5}.Release|Any CPU.Build.0 = Release|Any CPU
		{15839BA3-2622-4951-9626-E30742179AD4}.Debug|Any CPU.ActiveCfg = Debug|Any CPU
		{15839BA3-2622-4951-9626-E30742179AD4}.Debug|Any CPU.Build.0 = Debug|Any CPU
		{15839BA3-2622-4951-9626-E30742179AD4}.Release|Any CPU.ActiveCfg = Release|Any CPU
		{15839BA3-2622-4951-9626-E30742179AD4}.Release|Any CPU.Build.0 = Release|Any CPU
		{B9A02AA1-3093-442B-B3DB-673204224640}.Debug|Any CPU.ActiveCfg = Debug|Any CPU
		{B9A02AA1-3093-442B-B3DB-673204224640}.Debug|Any CPU.Build.0 = Debug|Any CPU
		{B9A02AA1-3093-442B-B3DB-673204224640}.Release|Any CPU.ActiveCfg = Release|Any CPU
		{B9A02AA1-3093-442B-B3DB-673204224640}.Release|Any CPU.Build.0 = Release|Any CPU
	EndGlobalSection
	GlobalSection(SolutionProperties) = preSolution
		HideSolutionNode = FALSE
	EndGlobalSection
	GlobalSection(ExtensibilityGlobals) = postSolution
		SolutionGuid = {084A81A4-E7E4-494C-AEC2-90CBDA28619A}
	EndGlobalSection
EndGlobal
